// !$*UTF8*$!
{
	archiveVersion = 1;
	classes = {
	};
	objectVersion = 46;
	objects = {

/* Begin PBXBuildFile section */
		AA0692971F175F4700D94267 /* main.m in Sources */ = {isa = PBXBuildFile; fileRef = AA0692961F175F4700D94267 /* main.m */; };
		AA06929A1F175F4700D94267 /* AppDelegate.m in Sources */ = {isa = PBXBuildFile; fileRef = AA0692991F175F4700D94267 /* AppDelegate.m */; };
		AA06929D1F175F4700D94267 /* ViewController.m in Sources */ = {isa = PBXBuildFile; fileRef = AA06929C1F175F4700D94267 /* ViewController.m */; };
		AA0692A01F175F4700D94267 /* Main.storyboard in Resources */ = {isa = PBXBuildFile; fileRef = AA06929E1F175F4700D94267 /* Main.storyboard */; };
		AA0692A21F175F4700D94267 /* Assets.xcassets in Resources */ = {isa = PBXBuildFile; fileRef = AA0692A11F175F4700D94267 /* Assets.xcassets */; };
		AA0692A51F175F4800D94267 /* LaunchScreen.storyboard in Resources */ = {isa = PBXBuildFile; fileRef = AA0692A31F175F4800D94267 /* LaunchScreen.storyboard */; };
		AA0692B01F175F4800D94267 /* VideoUploadTests.m in Sources */ = {isa = PBXBuildFile; fileRef = AA0692AF1F175F4800D94267 /* VideoUploadTests.m */; };
		AA0692BB1F175F4800D94267 /* VideoUploadUITests.m in Sources */ = {isa = PBXBuildFile; fileRef = AA0692BA1F175F4800D94267 /* VideoUploadUITests.m */; };
		AA0692FD1F1766D400D94267 /* XYNetworking.m in Sources */ = {isa = PBXBuildFile; fileRef = AA0692FC1F1766D400D94267 /* XYNetworking.m */; };
		AA0693001F1768F500D94267 /* CNFile.m in Sources */ = {isa = PBXBuildFile; fileRef = AA0692FF1F1768F500D94267 /* CNFile.m */; };
		AA0693271F179C7500D94267 /* AFHTTPSessionManager.m in Sources */ = {isa = PBXBuildFile; fileRef = AA0693041F179C7500D94267 /* AFHTTPSessionManager.m */; };
		AA0693281F179C7500D94267 /* AFNetworkReachabilityManager.m in Sources */ = {isa = PBXBuildFile; fileRef = AA0693071F179C7500D94267 /* AFNetworkReachabilityManager.m */; };
		AA0693291F179C7500D94267 /* AFSecurityPolicy.m in Sources */ = {isa = PBXBuildFile; fileRef = AA0693091F179C7500D94267 /* AFSecurityPolicy.m */; };
		AA06932A1F179C7500D94267 /* AFURLRequestSerialization.m in Sources */ = {isa = PBXBuildFile; fileRef = AA06930B1F179C7500D94267 /* AFURLRequestSerialization.m */; };
		AA06932B1F179C7500D94267 /* AFURLResponseSerialization.m in Sources */ = {isa = PBXBuildFile; fileRef = AA06930D1F179C7500D94267 /* AFURLResponseSerialization.m */; };
		AA06932C1F179C7500D94267 /* AFURLSessionManager.m in Sources */ = {isa = PBXBuildFile; fileRef = AA06930F1F179C7500D94267 /* AFURLSessionManager.m */; };
		AA06932D1F179C7500D94267 /* LICENSE in Resources */ = {isa = PBXBuildFile; fileRef = AA0693101F179C7500D94267 /* LICENSE */; };
		AA06932E1F179C7500D94267 /* README.md in Sources */ = {isa = PBXBuildFile; fileRef = AA0693111F179C7500D94267 /* README.md */; };
		AA06932F1F179C7500D94267 /* AFAutoPurgingImageCache.m in Sources */ = {isa = PBXBuildFile; fileRef = AA0693141F179C7500D94267 /* AFAutoPurgingImageCache.m */; };
		AA0693301F179C7500D94267 /* AFImageDownloader.m in Sources */ = {isa = PBXBuildFile; fileRef = AA0693161F179C7500D94267 /* AFImageDownloader.m */; };
		AA0693311F179C7500D94267 /* AFNetworkActivityIndicatorManager.m in Sources */ = {isa = PBXBuildFile; fileRef = AA0693181F179C7500D94267 /* AFNetworkActivityIndicatorManager.m */; };
		AA0693321F179C7500D94267 /* UIActivityIndicatorView+AFNetworking.m in Sources */ = {isa = PBXBuildFile; fileRef = AA06931A1F179C7500D94267 /* UIActivityIndicatorView+AFNetworking.m */; };
		AA0693331F179C7500D94267 /* UIButton+AFNetworking.m in Sources */ = {isa = PBXBuildFile; fileRef = AA06931C1F179C7500D94267 /* UIButton+AFNetworking.m */; };
		AA0693341F179C7500D94267 /* UIImageView+AFNetworking.m in Sources */ = {isa = PBXBuildFile; fileRef = AA06931F1F179C7500D94267 /* UIImageView+AFNetworking.m */; };
		AA0693351F179C7500D94267 /* UIProgressView+AFNetworking.m in Sources */ = {isa = PBXBuildFile; fileRef = AA0693221F179C7500D94267 /* UIProgressView+AFNetworking.m */; };
		AA0693361F179C7500D94267 /* UIRefreshControl+AFNetworking.m in Sources */ = {isa = PBXBuildFile; fileRef = AA0693241F179C7500D94267 /* UIRefreshControl+AFNetworking.m */; };
		AA0693371F179C7500D94267 /* UIWebView+AFNetworking.m in Sources */ = {isa = PBXBuildFile; fileRef = AA0693261F179C7500D94267 /* UIWebView+AFNetworking.m */; };
/* End PBXBuildFile section */

/* Begin PBXContainerItemProxy section */
		AA0692AC1F175F4800D94267 /* PBXContainerItemProxy */ = {
			isa = PBXContainerItemProxy;
			containerPortal = AA06928A1F175F4700D94267 /* Project object */;
			proxyType = 1;
			remoteGlobalIDString = AA0692911F175F4700D94267;
			remoteInfo = VideoUpload;
		};
		AA0692B71F175F4800D94267 /* PBXContainerItemProxy */ = {
			isa = PBXContainerItemProxy;
			containerPortal = AA06928A1F175F4700D94267 /* Project object */;
			proxyType = 1;
			remoteGlobalIDString = AA0692911F175F4700D94267;
			remoteInfo = VideoUpload;
		};
/* End PBXContainerItemProxy section */

/* Begin PBXFileReference section */
		AA0692921F175F4700D94267 /* VideoUpload.app */ = {isa = PBXFileReference; explicitFileType = wrapper.application; includeInIndex = 0; path = VideoUpload.app; sourceTree = BUILT_PRODUCTS_DIR; };
		AA0692961F175F4700D94267 /* main.m */ = {isa = PBXFileReference; lastKnownFileType = sourcecode.c.objc; path = main.m; sourceTree = "<group>"; };
		AA0692981F175F4700D94267 /* AppDelegate.h */ = {isa = PBXFileReference; lastKnownFileType = sourcecode.c.h; path = AppDelegate.h; sourceTree = "<group>"; };
		AA0692991F175F4700D94267 /* AppDelegate.m */ = {isa = PBXFileReference; lastKnownFileType = sourcecode.c.objc; path = AppDelegate.m; sourceTree = "<group>"; };
		AA06929B1F175F4700D94267 /* ViewController.h */ = {isa = PBXFileReference; lastKnownFileType = sourcecode.c.h; path = ViewController.h; sourceTree = "<group>"; };
		AA06929C1F175F4700D94267 /* ViewController.m */ = {isa = PBXFileReference; lastKnownFileType = sourcecode.c.objc; path = ViewController.m; sourceTree = "<group>"; };
		AA06929F1F175F4700D94267 /* Base */ = {isa = PBXFileReference; lastKnownFileType = file.storyboard; name = Base; path = Base.lproj/Main.storyboard; sourceTree = "<group>"; };
		AA0692A11F175F4700D94267 /* Assets.xcassets */ = {isa = PBXFileReference; lastKnownFileType = folder.assetcatalog; path = Assets.xcassets; sourceTree = "<group>"; };
		AA0692A41F175F4800D94267 /* Base */ = {isa = PBXFileReference; lastKnownFileType = file.storyboard; name = Base; path = Base.lproj/LaunchScreen.storyboard; sourceTree = "<group>"; };
		AA0692A61F175F4800D94267 /* Info.plist */ = {isa = PBXFileReference; lastKnownFileType = text.plist.xml; path = Info.plist; sourceTree = "<group>"; };
		AA0692AB1F175F4800D94267 /* VideoUploadTests.xctest */ = {isa = PBXFileReference; explicitFileType = wrapper.cfbundle; includeInIndex = 0; path = VideoUploadTests.xctest; sourceTree = BUILT_PRODUCTS_DIR; };
		AA0692AF1F175F4800D94267 /* VideoUploadTests.m */ = {isa = PBXFileReference; lastKnownFileType = sourcecode.c.objc; path = VideoUploadTests.m; sourceTree = "<group>"; };
		AA0692B11F175F4800D94267 /* Info.plist */ = {isa = PBXFileReference; lastKnownFileType = text.plist.xml; path = Info.plist; sourceTree = "<group>"; };
		AA0692B61F175F4800D94267 /* VideoUploadUITests.xctest */ = {isa = PBXFileReference; explicitFileType = wrapper.cfbundle; includeInIndex = 0; path = VideoUploadUITests.xctest; sourceTree = BUILT_PRODUCTS_DIR; };
		AA0692BA1F175F4800D94267 /* VideoUploadUITests.m */ = {isa = PBXFileReference; lastKnownFileType = sourcecode.c.objc; path = VideoUploadUITests.m; sourceTree = "<group>"; };
		AA0692BC1F175F4800D94267 /* Info.plist */ = {isa = PBXFileReference; lastKnownFileType = text.plist.xml; path = Info.plist; sourceTree = "<group>"; };
		AA0692FB1F1766D400D94267 /* XYNetworking.h */ = {isa = PBXFileReference; fileEncoding = 4; lastKnownFileType = sourcecode.c.h; path = XYNetworking.h; sourceTree = "<group>"; };
		AA0692FC1F1766D400D94267 /* XYNetworking.m */ = {isa = PBXFileReference; fileEncoding = 4; lastKnownFileType = sourcecode.c.objc; path = XYNetworking.m; sourceTree = "<group>"; };
		AA0692FE1F1768F500D94267 /* CNFile.h */ = {isa = PBXFileReference; fileEncoding = 4; lastKnownFileType = sourcecode.c.h; path = CNFile.h; sourceTree = "<group>"; };
		AA0692FF1F1768F500D94267 /* CNFile.m */ = {isa = PBXFileReference; fileEncoding = 4; lastKnownFileType = sourcecode.c.objc; path = CNFile.m; sourceTree = "<group>"; };
		AA0693031F179C7500D94267 /* AFHTTPSessionManager.h */ = {isa = PBXFileReference; fileEncoding = 4; lastKnownFileType = sourcecode.c.h; path = AFHTTPSessionManager.h; sourceTree = "<group>"; };
		AA0693041F179C7500D94267 /* AFHTTPSessionManager.m */ = {isa = PBXFileReference; fileEncoding = 4; lastKnownFileType = sourcecode.c.objc; path = AFHTTPSessionManager.m; sourceTree = "<group>"; };
		AA0693051F179C7500D94267 /* AFNetworking.h */ = {isa = PBXFileReference; fileEncoding = 4; lastKnownFileType = sourcecode.c.h; path = AFNetworking.h; sourceTree = "<group>"; };
		AA0693061F179C7500D94267 /* AFNetworkReachabilityManager.h */ = {isa = PBXFileReference; fileEncoding = 4; lastKnownFileType = sourcecode.c.h; path = AFNetworkReachabilityManager.h; sourceTree = "<group>"; };
		AA0693071F179C7500D94267 /* AFNetworkReachabilityManager.m */ = {isa = PBXFileReference; fileEncoding = 4; lastKnownFileType = sourcecode.c.objc; path = AFNetworkReachabilityManager.m; sourceTree = "<group>"; };
		AA0693081F179C7500D94267 /* AFSecurityPolicy.h */ = {isa = PBXFileReference; fileEncoding = 4; lastKnownFileType = sourcecode.c.h; path = AFSecurityPolicy.h; sourceTree = "<group>"; };
		AA0693091F179C7500D94267 /* AFSecurityPolicy.m */ = {isa = PBXFileReference; fileEncoding = 4; lastKnownFileType = sourcecode.c.objc; path = AFSecurityPolicy.m; sourceTree = "<group>"; };
		AA06930A1F179C7500D94267 /* AFURLRequestSerialization.h */ = {isa = PBXFileReference; fileEncoding = 4; lastKnownFileType = sourcecode.c.h; path = AFURLRequestSerialization.h; sourceTree = "<group>"; };
		AA06930B1F179C7500D94267 /* AFURLRequestSerialization.m */ = {isa = PBXFileReference; fileEncoding = 4; lastKnownFileType = sourcecode.c.objc; path = AFURLRequestSerialization.m; sourceTree = "<group>"; };
		AA06930C1F179C7500D94267 /* AFURLResponseSerialization.h */ = {isa = PBXFileReference; fileEncoding = 4; lastKnownFileType = sourcecode.c.h; path = AFURLResponseSerialization.h; sourceTree = "<group>"; };
		AA06930D1F179C7500D94267 /* AFURLResponseSerialization.m */ = {isa = PBXFileReference; fileEncoding = 4; lastKnownFileType = sourcecode.c.objc; path = AFURLResponseSerialization.m; sourceTree = "<group>"; };
		AA06930E1F179C7500D94267 /* AFURLSessionManager.h */ = {isa = PBXFileReference; fileEncoding = 4; lastKnownFileType = sourcecode.c.h; path = AFURLSessionManager.h; sourceTree = "<group>"; };
		AA06930F1F179C7500D94267 /* AFURLSessionManager.m */ = {isa = PBXFileReference; fileEncoding = 4; lastKnownFileType = sourcecode.c.objc; path = AFURLSessionManager.m; sourceTree = "<group>"; };
		AA0693101F179C7500D94267 /* LICENSE */ = {isa = PBXFileReference; fileEncoding = 4; lastKnownFileType = text; path = LICENSE; sourceTree = "<group>"; };
		AA0693111F179C7500D94267 /* README.md */ = {isa = PBXFileReference; fileEncoding = 4; lastKnownFileType = net.daringfireball.markdown; path = README.md; sourceTree = "<group>"; };
		AA0693131F179C7500D94267 /* AFAutoPurgingImageCache.h */ = {isa = PBXFileReference; fileEncoding = 4; lastKnownFileType = sourcecode.c.h; path = AFAutoPurgingImageCache.h; sourceTree = "<group>"; };
		AA0693141F179C7500D94267 /* AFAutoPurgingImageCache.m */ = {isa = PBXFileReference; fileEncoding = 4; lastKnownFileType = sourcecode.c.objc; path = AFAutoPurgingImageCache.m; sourceTree = "<group>"; };
		AA0693151F179C7500D94267 /* AFImageDownloader.h */ = {isa = PBXFileReference; fileEncoding = 4; lastKnownFileType = sourcecode.c.h; path = AFImageDownloader.h; sourceTree = "<group>"; };
		AA0693161F179C7500D94267 /* AFImageDownloader.m */ = {isa = PBXFileReference; fileEncoding = 4; lastKnownFileType = sourcecode.c.objc; path = AFImageDownloader.m; sourceTree = "<group>"; };
		AA0693171F179C7500D94267 /* AFNetworkActivityIndicatorManager.h */ = {isa = PBXFileReference; fileEncoding = 4; lastKnownFileType = sourcecode.c.h; path = AFNetworkActivityIndicatorManager.h; sourceTree = "<group>"; };
		AA0693181F179C7500D94267 /* AFNetworkActivityIndicatorManager.m */ = {isa = PBXFileReference; fileEncoding = 4; lastKnownFileType = sourcecode.c.objc; path = AFNetworkActivityIndicatorManager.m; sourceTree = "<group>"; };
		AA0693191F179C7500D94267 /* UIActivityIndicatorView+AFNetworking.h */ = {isa = PBXFileReference; fileEncoding = 4; lastKnownFileType = sourcecode.c.h; path = "UIActivityIndicatorView+AFNetworking.h"; sourceTree = "<group>"; };
		AA06931A1F179C7500D94267 /* UIActivityIndicatorView+AFNetworking.m */ = {isa = PBXFileReference; fileEncoding = 4; lastKnownFileType = sourcecode.c.objc; path = "UIActivityIndicatorView+AFNetworking.m"; sourceTree = "<group>"; };
		AA06931B1F179C7500D94267 /* UIButton+AFNetworking.h */ = {isa = PBXFileReference; fileEncoding = 4; lastKnownFileType = sourcecode.c.h; path = "UIButton+AFNetworking.h"; sourceTree = "<group>"; };
		AA06931C1F179C7500D94267 /* UIButton+AFNetworking.m */ = {isa = PBXFileReference; fileEncoding = 4; lastKnownFileType = sourcecode.c.objc; path = "UIButton+AFNetworking.m"; sourceTree = "<group>"; };
		AA06931D1F179C7500D94267 /* UIImage+AFNetworking.h */ = {isa = PBXFileReference; fileEncoding = 4; lastKnownFileType = sourcecode.c.h; path = "UIImage+AFNetworking.h"; sourceTree = "<group>"; };
		AA06931E1F179C7500D94267 /* UIImageView+AFNetworking.h */ = {isa = PBXFileReference; fileEncoding = 4; lastKnownFileType = sourcecode.c.h; path = "UIImageView+AFNetworking.h"; sourceTree = "<group>"; };
		AA06931F1F179C7500D94267 /* UIImageView+AFNetworking.m */ = {isa = PBXFileReference; fileEncoding = 4; lastKnownFileType = sourcecode.c.objc; path = "UIImageView+AFNetworking.m"; sourceTree = "<group>"; };
		AA0693201F179C7500D94267 /* UIKit+AFNetworking.h */ = {isa = PBXFileReference; fileEncoding = 4; lastKnownFileType = sourcecode.c.h; path = "UIKit+AFNetworking.h"; sourceTree = "<group>"; };
		AA0693211F179C7500D94267 /* UIProgressView+AFNetworking.h */ = {isa = PBXFileReference; fileEncoding = 4; lastKnownFileType = sourcecode.c.h; path = "UIProgressView+AFNetworking.h"; sourceTree = "<group>"; };
		AA0693221F179C7500D94267 /* UIProgressView+AFNetworking.m */ = {isa = PBXFileReference; fileEncoding = 4; lastKnownFileType = sourcecode.c.objc; path = "UIProgressView+AFNetworking.m"; sourceTree = "<group>"; };
		AA0693231F179C7500D94267 /* UIRefreshControl+AFNetworking.h */ = {isa = PBXFileReference; fileEncoding = 4; lastKnownFileType = sourcecode.c.h; path = "UIRefreshControl+AFNetworking.h"; sourceTree = "<group>"; };
		AA0693241F179C7500D94267 /* UIRefreshControl+AFNetworking.m */ = {isa = PBXFileReference; fileEncoding = 4; lastKnownFileType = sourcecode.c.objc; path = "UIRefreshControl+AFNetworking.m"; sourceTree = "<group>"; };
		AA0693251F179C7500D94267 /* UIWebView+AFNetworking.h */ = {isa = PBXFileReference; fileEncoding = 4; lastKnownFileType = sourcecode.c.h; path = "UIWebView+AFNetworking.h"; sourceTree = "<group>"; };
		AA0693261F179C7500D94267 /* UIWebView+AFNetworking.m */ = {isa = PBXFileReference; fileEncoding = 4; lastKnownFileType = sourcecode.c.objc; path = "UIWebView+AFNetworking.m"; sourceTree = "<group>"; };
/* End PBXFileReference section */

/* Begin PBXFrameworksBuildPhase section */
		AA06928F1F175F4700D94267 /* Frameworks */ = {
			isa = PBXFrameworksBuildPhase;
			buildActionMask = 2147483647;
			files = (
			);
			runOnlyForDeploymentPostprocessing = 0;
		};
		AA0692A81F175F4800D94267 /* Frameworks */ = {
			isa = PBXFrameworksBuildPhase;
			buildActionMask = 2147483647;
			files = (
			);
			runOnlyForDeploymentPostprocessing = 0;
		};
		AA0692B31F175F4800D94267 /* Frameworks */ = {
			isa = PBXFrameworksBuildPhase;
			buildActionMask = 2147483647;
			files = (
			);
			runOnlyForDeploymentPostprocessing = 0;
		};
/* End PBXFrameworksBuildPhase section */

/* Begin PBXGroup section */
		AA0692891F175F4700D94267 = {
			isa = PBXGroup;
			children = (
				AA0692941F175F4700D94267 /* VideoUpload */,
				AA0692AE1F175F4800D94267 /* VideoUploadTests */,
				AA0692B91F175F4800D94267 /* VideoUploadUITests */,
				AA0692931F175F4700D94267 /* Products */,
			);
			sourceTree = "<group>";
		};
		AA0692931F175F4700D94267 /* Products */ = {
			isa = PBXGroup;
			children = (
				AA0692921F175F4700D94267 /* VideoUpload.app */,
				AA0692AB1F175F4800D94267 /* VideoUploadTests.xctest */,
				AA0692B61F175F4800D94267 /* VideoUploadUITests.xctest */,
			);
			name = Products;
			sourceTree = "<group>";
		};
		AA0692941F175F4700D94267 /* VideoUpload */ = {
			isa = PBXGroup;
			children = (
				AA0692FA1F1766D400D94267 /* XYNetworking */,
				AA0692981F175F4700D94267 /* AppDelegate.h */,
				AA0692991F175F4700D94267 /* AppDelegate.m */,
				AA06929B1F175F4700D94267 /* ViewController.h */,
				AA06929C1F175F4700D94267 /* ViewController.m */,
				AA06929E1F175F4700D94267 /* Main.storyboard */,
				AA0692A11F175F4700D94267 /* Assets.xcassets */,
				AA0692A31F175F4800D94267 /* LaunchScreen.storyboard */,
				AA0692A61F175F4800D94267 /* Info.plist */,
				AA0693011F179C7500D94267 /* AFNetworking */,
				AA0692951F175F4700D94267 /* Supporting Files */,
				AA0692FE1F1768F500D94267 /* CNFile.h */,
				AA0692FF1F1768F500D94267 /* CNFile.m */,
			);
			path = VideoUpload;
			sourceTree = "<group>";
		};
		AA0692951F175F4700D94267 /* Supporting Files */ = {
			isa = PBXGroup;
			children = (
				AA0692961F175F4700D94267 /* main.m */,
			);
			name = "Supporting Files";
			sourceTree = "<group>";
		};
		AA0692AE1F175F4800D94267 /* VideoUploadTests */ = {
			isa = PBXGroup;
			children = (
				AA0692AF1F175F4800D94267 /* VideoUploadTests.m */,
				AA0692B11F175F4800D94267 /* Info.plist */,
			);
			path = VideoUploadTests;
			sourceTree = "<group>";
		};
		AA0692B91F175F4800D94267 /* VideoUploadUITests */ = {
			isa = PBXGroup;
			children = (
				AA0692BA1F175F4800D94267 /* VideoUploadUITests.m */,
				AA0692BC1F175F4800D94267 /* Info.plist */,
			);
			path = VideoUploadUITests;
			sourceTree = "<group>";
		};
		AA0692FA1F1766D400D94267 /* XYNetworking */ = {
			isa = PBXGroup;
			children = (
				AA0692FB1F1766D400D94267 /* XYNetworking.h */,
				AA0692FC1F1766D400D94267 /* XYNetworking.m */,
			);
			path = XYNetworking;
			sourceTree = "<group>";
		};
		AA0693011F179C7500D94267 /* AFNetworking */ = {
			isa = PBXGroup;
			children = (
				AA0693021F179C7500D94267 /* AFNetworking */,
				AA0693101F179C7500D94267 /* LICENSE */,
				AA0693111F179C7500D94267 /* README.md */,
				AA0693121F179C7500D94267 /* UIKit+AFNetworking */,
			);
			path = AFNetworking;
			sourceTree = "<group>";
		};
		AA0693021F179C7500D94267 /* AFNetworking */ = {
			isa = PBXGroup;
			children = (
				AA0693031F179C7500D94267 /* AFHTTPSessionManager.h */,
				AA0693041F179C7500D94267 /* AFHTTPSessionManager.m */,
				AA0693051F179C7500D94267 /* AFNetworking.h */,
				AA0693061F179C7500D94267 /* AFNetworkReachabilityManager.h */,
				AA0693071F179C7500D94267 /* AFNetworkReachabilityManager.m */,
				AA0693081F179C7500D94267 /* AFSecurityPolicy.h */,
				AA0693091F179C7500D94267 /* AFSecurityPolicy.m */,
				AA06930A1F179C7500D94267 /* AFURLRequestSerialization.h */,
				AA06930B1F179C7500D94267 /* AFURLRequestSerialization.m */,
				AA06930C1F179C7500D94267 /* AFURLResponseSerialization.h */,
				AA06930D1F179C7500D94267 /* AFURLResponseSerialization.m */,
				AA06930E1F179C7500D94267 /* AFURLSessionManager.h */,
				AA06930F1F179C7500D94267 /* AFURLSessionManager.m */,
			);
			path = AFNetworking;
			sourceTree = "<group>";
		};
		AA0693121F179C7500D94267 /* UIKit+AFNetworking */ = {
			isa = PBXGroup;
			children = (
				AA0693131F179C7500D94267 /* AFAutoPurgingImageCache.h */,
				AA0693141F179C7500D94267 /* AFAutoPurgingImageCache.m */,
				AA0693151F179C7500D94267 /* AFImageDownloader.h */,
				AA0693161F179C7500D94267 /* AFImageDownloader.m */,
				AA0693171F179C7500D94267 /* AFNetworkActivityIndicatorManager.h */,
				AA0693181F179C7500D94267 /* AFNetworkActivityIndicatorManager.m */,
				AA0693191F179C7500D94267 /* UIActivityIndicatorView+AFNetworking.h */,
				AA06931A1F179C7500D94267 /* UIActivityIndicatorView+AFNetworking.m */,
				AA06931B1F179C7500D94267 /* UIButton+AFNetworking.h */,
				AA06931C1F179C7500D94267 /* UIButton+AFNetworking.m */,
				AA06931D1F179C7500D94267 /* UIImage+AFNetworking.h */,
				AA06931E1F179C7500D94267 /* UIImageView+AFNetworking.h */,
				AA06931F1F179C7500D94267 /* UIImageView+AFNetworking.m */,
				AA0693201F179C7500D94267 /* UIKit+AFNetworking.h */,
				AA0693211F179C7500D94267 /* UIProgressView+AFNetworking.h */,
				AA0693221F179C7500D94267 /* UIProgressView+AFNetworking.m */,
				AA0693231F179C7500D94267 /* UIRefreshControl+AFNetworking.h */,
				AA0693241F179C7500D94267 /* UIRefreshControl+AFNetworking.m */,
				AA0693251F179C7500D94267 /* UIWebView+AFNetworking.h */,
				AA0693261F179C7500D94267 /* UIWebView+AFNetworking.m */,
			);
			path = "UIKit+AFNetworking";
			sourceTree = "<group>";
		};
/* End PBXGroup section */

/* Begin PBXNativeTarget section */
		AA0692911F175F4700D94267 /* VideoUpload */ = {
			isa = PBXNativeTarget;
			buildConfigurationList = AA0692BF1F175F4800D94267 /* Build configuration list for PBXNativeTarget "VideoUpload" */;
			buildPhases = (
				AA06928E1F175F4700D94267 /* Sources */,
				AA06928F1F175F4700D94267 /* Frameworks */,
				AA0692901F175F4700D94267 /* Resources */,
			);
			buildRules = (
			);
			dependencies = (
			);
			name = VideoUpload;
			productName = VideoUpload;
			productReference = AA0692921F175F4700D94267 /* VideoUpload.app */;
			productType = "com.apple.product-type.application";
		};
		AA0692AA1F175F4800D94267 /* VideoUploadTests */ = {
			isa = PBXNativeTarget;
			buildConfigurationList = AA0692C21F175F4800D94267 /* Build configuration list for PBXNativeTarget "VideoUploadTests" */;
			buildPhases = (
				AA0692A71F175F4800D94267 /* Sources */,
				AA0692A81F175F4800D94267 /* Frameworks */,
				AA0692A91F175F4800D94267 /* Resources */,
			);
			buildRules = (
			);
			dependencies = (
				AA0692AD1F175F4800D94267 /* PBXTargetDependency */,
			);
			name = VideoUploadTests;
			productName = VideoUploadTests;
			productReference = AA0692AB1F175F4800D94267 /* VideoUploadTests.xctest */;
			productType = "com.apple.product-type.bundle.unit-test";
		};
		AA0692B51F175F4800D94267 /* VideoUploadUITests */ = {
			isa = PBXNativeTarget;
			buildConfigurationList = AA0692C51F175F4800D94267 /* Build configuration list for PBXNativeTarget "VideoUploadUITests" */;
			buildPhases = (
				AA0692B21F175F4800D94267 /* Sources */,
				AA0692B31F175F4800D94267 /* Frameworks */,
				AA0692B41F175F4800D94267 /* Resources */,
			);
			buildRules = (
			);
			dependencies = (
				AA0692B81F175F4800D94267 /* PBXTargetDependency */,
			);
			name = VideoUploadUITests;
			productName = VideoUploadUITests;
			productReference = AA0692B61F175F4800D94267 /* VideoUploadUITests.xctest */;
			productType = "com.apple.product-type.bundle.ui-testing";
		};
/* End PBXNativeTarget section */

/* Begin PBXProject section */
		AA06928A1F175F4700D94267 /* Project object */ = {
			isa = PBXProject;
			attributes = {
				LastUpgradeCheck = 0830;
				ORGANIZATIONNAME = xiyang;
				TargetAttributes = {
					AA0692911F175F4700D94267 = {
						CreatedOnToolsVersion = 8.3.2;
						DevelopmentTeam = 3MZD3465LC;
						ProvisioningStyle = Automatic;
					};
					AA0692AA1F175F4800D94267 = {
						CreatedOnToolsVersion = 8.3.2;
						DevelopmentTeam = 3MZD3465LC;
						ProvisioningStyle = Automatic;
						TestTargetID = AA0692911F175F4700D94267;
					};
					AA0692B51F175F4800D94267 = {
						CreatedOnToolsVersion = 8.3.2;
						DevelopmentTeam = 3MZD3465LC;
						ProvisioningStyle = Automatic;
						TestTargetID = AA0692911F175F4700D94267;
					};
				};
			};
			buildConfigurationList = AA06928D1F175F4700D94267 /* Build configuration list for PBXProject "VideoUpload" */;
			compatibilityVersion = "Xcode 3.2";
			developmentRegion = English;
			hasScannedForEncodings = 0;
			knownRegions = (
				en,
				Base,
			);
			mainGroup = AA0692891F175F4700D94267;
			productRefGroup = AA0692931F175F4700D94267 /* Products */;
			projectDirPath = "";
			projectRoot = "";
			targets = (
				AA0692911F175F4700D94267 /* VideoUpload */,
				AA0692AA1F175F4800D94267 /* VideoUploadTests */,
				AA0692B51F175F4800D94267 /* VideoUploadUITests */,
			);
		};
/* End PBXProject section */

/* Begin PBXResourcesBuildPhase section */
		AA0692901F175F4700D94267 /* Resources */ = {
			isa = PBXResourcesBuildPhase;
			buildActionMask = 2147483647;
			files = (
				AA0692A51F175F4800D94267 /* LaunchScreen.storyboard in Resources */,
				AA0692A21F175F4700D94267 /* Assets.xcassets in Resources */,
				AA06932D1F179C7500D94267 /* LICENSE in Resources */,
				AA0692A01F175F4700D94267 /* Main.storyboard in Resources */,
			);
			runOnlyForDeploymentPostprocessing = 0;
		};
		AA0692A91F175F4800D94267 /* Resources */ = {
			isa = PBXResourcesBuildPhase;
			buildActionMask = 2147483647;
			files = (
			);
			runOnlyForDeploymentPostprocessing = 0;
		};
		AA0692B41F175F4800D94267 /* Resources */ = {
			isa = PBXResourcesBuildPhase;
			buildActionMask = 2147483647;
			files = (
			);
			runOnlyForDeploymentPostprocessing = 0;
		};
/* End PBXResourcesBuildPhase section */

/* Begin PBXSourcesBuildPhase section */
		AA06928E1F175F4700D94267 /* Sources */ = {
			isa = PBXSourcesBuildPhase;
			buildActionMask = 2147483647;
			files = (
				AA0693351F179C7500D94267 /* UIProgressView+AFNetworking.m in Sources */,
				AA0693331F179C7500D94267 /* UIButton+AFNetworking.m in Sources */,
				AA0693361F179C7500D94267 /* UIRefreshControl+AFNetworking.m in Sources */,
				AA06932A1F179C7500D94267 /* AFURLRequestSerialization.m in Sources */,
				AA0692FD1F1766D400D94267 /* XYNetworking.m in Sources */,
				AA06929D1F175F4700D94267 /* ViewController.m in Sources */,
				AA06929A1F175F4700D94267 /* AppDelegate.m in Sources */,
				AA06932C1F179C7500D94267 /* AFURLSessionManager.m in Sources */,
				AA06932B1F179C7500D94267 /* AFURLResponseSerialization.m in Sources */,
				AA0693341F179C7500D94267 /* UIImageView+AFNetworking.m in Sources */,
				AA06932E1F179C7500D94267 /* README.md in Sources */,
				AA0693281F179C7500D94267 /* AFNetworkReachabilityManager.m in Sources */,
				AA06932F1F179C7500D94267 /* AFAutoPurgingImageCache.m in Sources */,
				AA0693291F179C7500D94267 /* AFSecurityPolicy.m in Sources */,
				AA0693271F179C7500D94267 /* AFHTTPSessionManager.m in Sources */,
				AA0693301F179C7500D94267 /* AFImageDownloader.m in Sources */,
				AA0692971F175F4700D94267 /* main.m in Sources */,
				AA0693371F179C7500D94267 /* UIWebView+AFNetworking.m in Sources */,
				AA0693001F1768F500D94267 /* CNFile.m in Sources */,
				AA0693321F179C7500D94267 /* UIActivityIndicatorView+AFNetworking.m in Sources */,
				AA0693311F179C7500D94267 /* AFNetworkActivityIndicatorManager.m in Sources */,
			);
			runOnlyForDeploymentPostprocessing = 0;
		};
		AA0692A71F175F4800D94267 /* Sources */ = {
			isa = PBXSourcesBuildPhase;
			buildActionMask = 2147483647;
			files = (
				AA0692B01F175F4800D94267 /* VideoUploadTests.m in Sources */,
			);
			runOnlyForDeploymentPostprocessing = 0;
		};
		AA0692B21F175F4800D94267 /* Sources */ = {
			isa = PBXSourcesBuildPhase;
			buildActionMask = 2147483647;
			files = (
				AA0692BB1F175F4800D94267 /* VideoUploadUITests.m in Sources */,
			);
			runOnlyForDeploymentPostprocessing = 0;
		};
/* End PBXSourcesBuildPhase section */

/* Begin PBXTargetDependency section */
		AA0692AD1F175F4800D94267 /* PBXTargetDependency */ = {
			isa = PBXTargetDependency;
			target = AA0692911F175F4700D94267 /* VideoUpload */;
			targetProxy = AA0692AC1F175F4800D94267 /* PBXContainerItemProxy */;
		};
		AA0692B81F175F4800D94267 /* PBXTargetDependency */ = {
			isa = PBXTargetDependency;
			target = AA0692911F175F4700D94267 /* VideoUpload */;
			targetProxy = AA0692B71F175F4800D94267 /* PBXContainerItemProxy */;
		};
/* End PBXTargetDependency section */

/* Begin PBXVariantGroup section */
		AA06929E1F175F4700D94267 /* Main.storyboard */ = {
			isa = PBXVariantGroup;
			children = (
				AA06929F1F175F4700D94267 /* Base */,
			);
			name = Main.storyboard;
			sourceTree = "<group>";
		};
		AA0692A31F175F4800D94267 /* LaunchScreen.storyboard */ = {
			isa = PBXVariantGroup;
			children = (
				AA0692A41F175F4800D94267 /* Base */,
			);
			name = LaunchScreen.storyboard;
			sourceTree = "<group>";
		};
/* End PBXVariantGroup section */

/* Begin XCBuildConfiguration section */
		AA0692BD1F175F4800D94267 /* Debug */ = {
			isa = XCBuildConfiguration;
			buildSettings = {
				ALWAYS_SEARCH_USER_PATHS = NO;
				CLANG_ANALYZER_NONNULL = YES;
				CLANG_ANALYZER_NUMBER_OBJECT_CONVERSION = YES_AGGRESSIVE;
				CLANG_CXX_LANGUAGE_STANDARD = "gnu++0x";
				CLANG_CXX_LIBRARY = "libc++";
				CLANG_ENABLE_MODULES = YES;
				CLANG_ENABLE_OBJC_ARC = YES;
				CLANG_WARN_BOOL_CONVERSION = YES;
				CLANG_WARN_CONSTANT_CONVERSION = YES;
				CLANG_WARN_DIRECT_OBJC_ISA_USAGE = YES_ERROR;
				CLANG_WARN_DOCUMENTATION_COMMENTS = YES;
				CLANG_WARN_EMPTY_BODY = YES;
				CLANG_WARN_ENUM_CONVERSION = YES;
				CLANG_WARN_INFINITE_RECURSION = YES;
				CLANG_WARN_INT_CONVERSION = YES;
				CLANG_WARN_OBJC_ROOT_CLASS = YES_ERROR;
				CLANG_WARN_SUSPICIOUS_MOVE = YES;
				CLANG_WARN_UNREACHABLE_CODE = YES;
				CLANG_WARN__DUPLICATE_METHOD_MATCH = YES;
				"CODE_SIGN_IDENTITY[sdk=iphoneos*]" = "iPhone Developer";
				COPY_PHASE_STRIP = NO;
				DEBUG_INFORMATION_FORMAT = dwarf;
				ENABLE_STRICT_OBJC_MSGSEND = YES;
				ENABLE_TESTABILITY = YES;
				GCC_C_LANGUAGE_STANDARD = gnu99;
				GCC_DYNAMIC_NO_PIC = NO;
				GCC_NO_COMMON_BLOCKS = YES;
				GCC_OPTIMIZATION_LEVEL = 0;
				GCC_PREPROCESSOR_DEFINITIONS = (
					"DEBUG=1",
					"$(inherited)",
				);
				GCC_WARN_64_TO_32_BIT_CONVERSION = YES;
				GCC_WARN_ABOUT_RETURN_TYPE = YES_ERROR;
				GCC_WARN_UNDECLARED_SELECTOR = YES;
				GCC_WARN_UNINITIALIZED_AUTOS = YES_AGGRESSIVE;
				GCC_WARN_UNUSED_FUNCTION = YES;
				GCC_WARN_UNUSED_VARIABLE = YES;
				IPHONEOS_DEPLOYMENT_TARGET = 10.3;
				MTL_ENABLE_DEBUG_INFO = YES;
				ONLY_ACTIVE_ARCH = YES;
				SDKROOT = iphoneos;
			};
			name = Debug;
		};
		AA0692BE1F175F4800D94267 /* Release */ = {
			isa = XCBuildConfiguration;
			buildSettings = {
				ALWAYS_SEARCH_USER_PATHS = NO;
				CLANG_ANALYZER_NONNULL = YES;
				CLANG_ANALYZER_NUMBER_OBJECT_CONVERSION = YES_AGGRESSIVE;
				CLANG_CXX_LANGUAGE_STANDARD = "gnu++0x";
				CLANG_CXX_LIBRARY = "libc++";
				CLANG_ENABLE_MODULES = YES;
				CLANG_ENABLE_OBJC_ARC = YES;
				CLANG_WARN_BOOL_CONVERSION = YES;
				CLANG_WARN_CONSTANT_CONVERSION = YES;
				CLANG_WARN_DIRECT_OBJC_ISA_USAGE = YES_ERROR;
				CLANG_WARN_DOCUMENTATION_COMMENTS = YES;
				CLANG_WARN_EMPTY_BODY = YES;
				CLANG_WARN_ENUM_CONVERSION = YES;
				CLANG_WARN_INFINITE_RECURSION = YES;
				CLANG_WARN_INT_CONVERSION = YES;
				CLANG_WARN_OBJC_ROOT_CLASS = YES_ERROR;
				CLANG_WARN_SUSPICIOUS_MOVE = YES;
				CLANG_WARN_UNREACHABLE_CODE = YES;
				CLANG_WARN__DUPLICATE_METHOD_MATCH = YES;
				"CODE_SIGN_IDENTITY[sdk=iphoneos*]" = "iPhone Developer";
				COPY_PHASE_STRIP = NO;
				DEBUG_INFORMATION_FORMAT = "dwarf-with-dsym";
				ENABLE_NS_ASSERTIONS = NO;
				ENABLE_STRICT_OBJC_MSGSEND = YES;
				GCC_C_LANGUAGE_STANDARD = gnu99;
				GCC_NO_COMMON_BLOCKS = YES;
				GCC_WARN_64_TO_32_BIT_CONVERSION = YES;
				GCC_WARN_ABOUT_RETURN_TYPE = YES_ERROR;
				GCC_WARN_UNDECLARED_SELECTOR = YES;
				GCC_WARN_UNINITIALIZED_AUTOS = YES_AGGRESSIVE;
				GCC_WARN_UNUSED_FUNCTION = YES;
				GCC_WARN_UNUSED_VARIABLE = YES;
				IPHONEOS_DEPLOYMENT_TARGET = 10.3;
				MTL_ENABLE_DEBUG_INFO = NO;
				SDKROOT = iphoneos;
				VALIDATE_PRODUCT = YES;
			};
			name = Release;
		};
		AA0692C01F175F4800D94267 /* Debug */ = {
			isa = XCBuildConfiguration;
			buildSettings = {
				ASSETCATALOG_COMPILER_APPICON_NAME = AppIcon;
				DEVELOPMENT_TEAM = 3MZD3465LC;
				INFOPLIST_FILE = VideoUpload/Info.plist;
				LD_RUNPATH_SEARCH_PATHS = "$(inherited) @executable_path/Frameworks";
				PRODUCT_BUNDLE_IDENTIFIER = com.nongji360.VideoUpload;
				PRODUCT_NAME = "$(TARGET_NAME)";
			};
			name = Debug;
		};
		AA0692C11F175F4800D94267 /* Release */ = {
			isa = XCBuildConfiguration;
			buildSettings = {
				ASSETCATALOG_COMPILER_APPICON_NAME = AppIcon;
				DEVELOPMENT_TEAM = 3MZD3465LC;
				INFOPLIST_FILE = VideoUpload/Info.plist;
				LD_RUNPATH_SEARCH_PATHS = "$(inherited) @executable_path/Frameworks";
				PRODUCT_BUNDLE_IDENTIFIER = com.nongji360.VideoUpload;
				PRODUCT_NAME = "$(TARGET_NAME)";
			};
			name = Release;
		};
		AA0692C31F175F4800D94267 /* Debug */ = {
			isa = XCBuildConfiguration;
			buildSettings = {
				BUNDLE_LOADER = "$(TEST_HOST)";
				DEVELOPMENT_TEAM = 3MZD3465LC;
				INFOPLIST_FILE = VideoUploadTests/Info.plist;
				LD_RUNPATH_SEARCH_PATHS = "$(inherited) @executable_path/Frameworks @loader_path/Frameworks";
				PRODUCT_BUNDLE_IDENTIFIER = com.nongji360.VideoUploadTests;
				PRODUCT_NAME = "$(TARGET_NAME)";
				TEST_HOST = "$(BUILT_PRODUCTS_DIR)/VideoUpload.app/VideoUpload";
			};
			name = Debug;
		};
		AA0692C41F175F4800D94267 /* Release */ = {
			isa = XCBuildConfiguration;
			buildSettings = {
				BUNDLE_LOADER = "$(TEST_HOST)";
				DEVELOPMENT_TEAM = 3MZD3465LC;
				INFOPLIST_FILE = VideoUploadTests/Info.plist;
				LD_RUNPATH_SEARCH_PATHS = "$(inherited) @executable_path/Frameworks @loader_path/Frameworks";
				PRODUCT_BUNDLE_IDENTIFIER = com.nongji360.VideoUploadTests;
				PRODUCT_NAME = "$(TARGET_NAME)";
				TEST_HOST = "$(BUILT_PRODUCTS_DIR)/VideoUpload.app/VideoUpload";
			};
			name = Release;
		};
		AA0692C61F175F4800D94267 /* Debug */ = {
			isa = XCBuildConfiguration;
			buildSettings = {
				DEVELOPMENT_TEAM = 3MZD3465LC;
				INFOPLIST_FILE = VideoUploadUITests/Info.plist;
				LD_RUNPATH_SEARCH_PATHS = "$(inherited) @executable_path/Frameworks @loader_path/Frameworks";
				PRODUCT_BUNDLE_IDENTIFIER = com.nongji360.VideoUploadUITests;
				PRODUCT_NAME = "$(TARGET_NAME)";
				TEST_TARGET_NAME = VideoUpload;
			};
			name = Debug;
		};
		AA0692C71F175F4800D94267 /* Release */ = {
			isa = XCBuildConfiguration;
			buildSettings = {
				DEVELOPMENT_TEAM = 3MZD3465LC;
				INFOPLIST_FILE = VideoUploadUITests/Info.plist;
				LD_RUNPATH_SEARCH_PATHS = "$(inherited) @executable_path/Frameworks @loader_path/Frameworks";
				PRODUCT_BUNDLE_IDENTIFIER = com.nongji360.VideoUploadUITests;
				PRODUCT_NAME = "$(TARGET_NAME)";
				TEST_TARGET_NAME = VideoUpload;
			};
			name = Release;
		};
/* End XCBuildConfiguration section */

/* Begin XCConfigurationList section */
		AA06928D1F175F4700D94267 /* Build configuration list for PBXProject "VideoUpload" */ = {
			isa = XCConfigurationList;
			buildConfigurations = (
				AA0692BD1F175F4800D94267 /* Debug */,
				AA0692BE1F175F4800D94267 /* Release */,
			);
			defaultConfigurationIsVisible = 0;
			defaultConfigurationName = Release;
		};
		AA0692BF1F175F4800D94267 /* Build configuration list for PBXNativeTarget "VideoUpload" */ = {
			isa = XCConfigurationList;
			buildConfigurations = (
				AA0692C01F175F4800D94267 /* Debug */,
				AA0692C11F175F4800D94267 /* Release */,
			);
			defaultConfigurationIsVisible = 0;
		};
		AA0692C21F175F4800D94267 /* Build configuration list for PBXNativeTarget "VideoUploadTests" */ = {
			isa = XCConfigurationList;
			buildConfigurations = (
				AA0692C31F175F4800D94267 /* Debug */,
				AA0692C41F175F4800D94267 /* Release */,
			);
			defaultConfigurationIsVisible = 0;
		};
		AA0692C51F175F4800D94267 /* Build configuration list for PBXNativeTarget "VideoUploadUITests" */ = {
			isa = XCConfigurationList;
			buildConfigurations = (
				AA0692C61F175F4800D94267 /* Debug */,
				AA0692C71F175F4800D94267 /* Release */,
			);
			defaultConfigurationIsVisible = 0;
		};
/* End XCConfigurationList section */
	};
	rootObject = AA06928A1F175F4700D94267 /* Project object */;
}
